github.com/aws/aws-lambda-go v1.32.0 h1:i8MflawW1hoyYp85GMH7LhvAs4cqzL7LOS6fSv8l2KM=
github.com/aws/aws-lambda-go v1.32.0/go.mod h1:IF5Q7wj4VyZyUFnZ54IQqeWtctHQ9tz+KhcbDenr220=
github.com/aws/aws-sdk-go-v2 v1.16.4/go.mod h1:ytwTPBG6fXTZLxxeeCCWj2/EMYp/xDUgX+OET6TLNNU=
github.com/aws/aws-sdk-go-v2 v1.16.5 h1:Ah9h1TZD9E2S1LzHpViBO3Jz9FPL5+rmflmb8hXirtI=
github.com/aws/aws-sdk-go-v2 v1.16.5/go.mod h1:Wh7MEsmEApyL5hrWzpDkba4gwAPc5/piwLVLFnCxp48=
github.com/aws/aws-sdk-go-v2/config v1.15.9 h1:TK5yNEnFDQ9iaO04gJS/3Y+eW8BioQiCUafW75/Wc3Q=
github.com/aws/aws-sdk-go-v2/config v1.15.9/go.mod h1:rv/l/TbZo67kp99v/3Kb0qV6Fm1KEtKyruEV2GvVfgs=
github.com/aws/aws-sdk-go-v2/credentials v1.12.4 h1:xggwS+qxCukXRVXJBJWQJGyUsvuxGC8+J1kKzv2cxuw=
github.com/aws/aws-sdk-go-v2/credentials v1.12.4/go.mod h1:7g+GGSp7xtR823o1jedxKmqRZGqLdoHQfI4eFasKKxs=
github.com/aws/aws-sdk-go-v2/feature/ec2/imds v1.12.5 h1:YPxclBeE07HsLQE8vtjC8T2emcTjM9nzqsnDi2fv5UM=
github.com/aws/aws-sdk-go-v2/feature/ec2/imds v1.12.5/go.mod h1:WAPnuhG5IQ/i6DETFl5NmX3kKqCzw7aau9NHAGcm4QE=
github.com/aws/aws-sdk-go-v2/internal/configsources v1.1.11/go.mod h1:tmUB6jakq5DFNcXsXOA/ZQ7/C8VnSKYkx58OI7Fh79g=
github.com/aws/aws-sdk-go-v2/internal/configsources v1.1.12 h1:Zt7DDk5V7SyQULUUwIKzsROtVzp/kVvcz15uQx/Tkow=
github.com/aws/aws-sdk-go-v2/internal/configsources v1.1.12/go.mod h1:Afj/U8svX6sJ77Q+FPWMzabJ9QjbwP32YlopgKALUpg=
github.com/aws/aws-sdk-go-v2/internal/endpoints/v2 v2.4.5/go.mod h1:fV1AaS2gFc1tM0RCb015FJ0pvWVUfJZANzjwoO4YakM=
github.com/aws/aws-sdk-go-v2/internal/endpoints/v2 v2.4.6 h1:eeXdGVtXEe+2Jc49+/vAzna3FAQnUD4AagAw8tzbmfc=
github.com/aws/aws-sdk-go-v2/internal/endpoints/v2 v2.4.6/go.mod h1:FwpAKI+FBPIELJIdmQzlLtRe8LQSOreMcM2wBsPMvvc=
github.com/aws/aws-sdk-go-v2/internal/ini v1.3.12 h1:j0VqrjtgsY1Bx27tD0ysay36/K4kFMWRp9K3ieO9nLU=
github.com/aws/aws-sdk-go-v2/internal/ini v1.3.12/go.mod h1:00c7+ALdPh4YeEUPXJzyU0Yy01nPGOq2+9rUaz05z9g=
github.com/aws/aws-sdk-go-v2/service/internal/presigned-url v1.9.5 h1:gRW1ZisKc93EWEORNJRvy/ZydF3o6xLSveJHdi1Oa0U=
github.com/aws/aws-sdk-go-v2/service/internal/presigned-url v1.9.5/go.mod h1:ZbkttHXaVn3bBo/wpJbQGiiIWR90eTBUVBrEHUEQlho=
github.com/aws/aws-sdk-go-v2/service/ses v1.14.7 h1:NhMM6xuw63xnwlLRMVTSFrX5vddj/XKb5/Kz4qzDHks=
github.com/aws/aws-sdk-go-v2/service/ses v1.14.7/go.mod h1:HVBkV9m4Pgdx7OTZ+vA/orEdso9F3I4GYGJTdXx7sJE=
github.com/aws/aws-sdk-go-v2/service/sso v1.11.7 h1:suAGD+RyiHWPPihZzY+jw4mCZlOFWgmdjb2AeTenz7c=
github.com/aws/aws-sdk-go-v2/service/sso v1.11.7/go.mod h1:TFVe6Rr2joVLsYQ1ABACXgOC6lXip/qpX2x5jWg/A9w=
github.com/aws/aws-sdk-go-v2/service/sts v1.16.6 h1:aYToU0/iazkMY67/BYLt3r6/LT/mUtarLAF5mGof1Kg=
github.com/aws/aws-sdk-go-v2/service/sts v1.16.6/go.mod h1:rP1rEOKAGZoXp4iGDxSXFvODAtXpm34Egf0lL0eshaQ=
github.com/aws/smithy-go v1.11.2/go.mod h1:3xHYmszWVx2c0kIwQeEVf9uSm4fYZt67FBJnwub1bgM=
github.com/aws/smithy-go v1.11.3 h1:DQixirEFM9IaKxX1olZ3ke3nvxRS2xMDteKIDWxozW8=
github.com/aws/smithy-go v1.11.3/go.mod h1:Tg+OJXh4MB2R/uN61Ko2f6hTZwB/ZYGOtib8J3gBHzA=
github.com/davecgh/go-spew v1.1.0/go.mod h1:J7Y8YcW2NihsgmVo/mv3lAwl/skON4iLHjSsI+c5H38=
github.com/davecgh/go-spew v1.1.1 h1:vj9j/u1bqnvCEfJOwUhtlOARqs3+rkHYY13jYWTU97c=
github.com/google/go-cmp v0.5.7/go.mod h1:n+brtR0CgQNWTVd5ZUFpTBC8YFBDLK/h/bpaJ8/DtOE=
github.com/google/go-cmp v0.5.8 h1:e6P7q2lk1O+qJJb4BtCQXlK8vWEO8V1ZeuEdJNOqZyg=
github.com/google/go-cmp v0.5.8/go.mod h1:17dUlkBOakJ0+DkrSSNjCkIjxS6bF9zb3elmeNGIjoY=
github.com/jmespath/go-jmespath v0.4.0 h1:BEgLn5cpjn8UN1mAw4NjwDrS35OdebyEtFe+9YPoQUg=
github.com/jmespath/go-jmespath v0.4.0/go.mod h1:T8mJZnbsbmF+m6zOOFylbeCJqk5+pHWvzYPziyZiYoo=
github.com/jmespath/go-jmespath/internal/testify v1.5.1 h1:shLQSRRSCCPj3f2gpwzGwWFoC7ycTf1rcQZHOlsJ6N8=
github.com/jmespath/go-jmespath/internal/testify v1.5.1/go.mod h1:L3OGu8Wl2/fWfCI6z80xFu9LTZmf1ZRjMHUOPmWr69U=
github.com/pmezard/go-difflib v1.0.0 h1:4DBwDE0NGyQoBHbLQYPwSUPoCMWR5BEzIk/f1lZbAQM=
github.com/pmezard/go-difflib v1.0.0/go.mod h1:iKH77koFhYxTK1pcRnkKkqfTogsbg7gZNVY4sRDYZ/4=
github.com/stretchr/objx v0.1.0/go.mod h1:HFkY916IF+rwdDfMAkV7OtwuqBVzrE8GR6GFx+wExME=
github.com/stretchr/testify v1.6.1 h1:hDPOHmpOpP40lSULcqw7IrRb/u7w6RpDC9399XyoNd0=
golang.org/x/xerrors v0.0.0-20191204190536-9bdfabe68543/go.mod h1:I/5z698sn9Ka8TeJc9MKroUUfqBBauWjQqLJ2OPfmY0=
gopkg.in/check.v1 v0.0.0-20161208181325-20d25e280405/go.mod h1:Co6ibVJAznAaIkqp8huTwlJQCZ016jof/cbN4VW5Yz0=
gopkg.in/yaml.v2 v2.2.8 h1:obN1ZagJSUGI0Ek/LBmuj4SNLPfIny3KsKFopxRdj10=
gopkg.in/yaml.v2 v2.2.8/go.mod h1:hI93XBmqTisBFMUTm0b8Fm+jr3Dg1NNxqwp+5A1VGuI=
gopkg.in/yaml.v3 v3.0.0-20200615113413-eeeca48fe776 h1:tQIYjPdBoyREyB9XMu+nnTclpTYkz2zFM+lzLJFO4gQ=
